
Microsoft Visual Studio Solution File, Format Version 12.00
# Visual Studio Version 17
VisualStudioVersion = 17.11.35327.3
MinimumVisualStudioVersion = 10.0.40219.1
Project("{9A19103F-16F7-4668-BE54-9A1E7A4F7556}") = "TinderApp", "TinderApp\TinderApp.csproj", "{4F169333-0B26-42FF-A5D1-397E6C70D74A}"
EndProject
Project("{2150E333-8FDC-42A3-9474-1A3956D46DE8}") = "Solution Items", "Solution Items", "{EED0C00D-1DDD-4F66-BADE-62B22E62D9D1}"
	ProjectSection(SolutionItems) = preProject
		compose.yaml = compose.yaml
	EndProjectSection
EndProject
Global
	GlobalSection(SolutionConfigurationPlatforms) = preSolution
		Debug|Any CPU = Debug|Any CPU
		Release|Any CPU = Release|Any CPU
	EndGlobalSection
	GlobalSection(ProjectConfigurationPlatforms) = postSolution
		{4F169333-0B26-42FF-A5D1-397E6C70D74A}.Debug|Any CPU.ActiveCfg = Debug|Any CPU
		{4F169333-0B26-42FF-A5D1-397E6C70D74A}.Debug|Any CPU.Build.0 = Debug|Any CPU
		{4F169333-0B26-42FF-A5D1-397E6C70D74A}.Release|Any CPU.ActiveCfg = Release|Any CPU
		{4F169333-0B26-42FF-A5D1-397E6C70D74A}.Release|Any CPU.Build.0 = Release|Any CPU
	EndGlobalSection
	GlobalSection(SolutionProperties) = preSolution
		HideSolutionNode = FALSE
	EndGlobalSection
	GlobalSection(ExtensibilityGlobals) = postSolution
		SolutionGuid = {6AA147D5-8035-4CB5-9CBB-DF61E65393AE}
	EndGlobalSection
EndGlobal
